
Microsoft Visual Studio Solution File, Format Version 12.00
# Visual Studio Version 16
VisualStudioVersion = 16.0.32228.343
MinimumVisualStudioVersion = 10.0.40219.1
Project("{FAE04EC0-301F-11D3-BF4B-00C04F79EFBC}") = "APISenaiSC", "APISenaiSC.csproj", "{9331D495-ADF1-4E14-A53E-D47C03D8F824}"
EndProject
Global
	GlobalSection(SolutionConfigurationPlatforms) = preSolution
		Debug|Any CPU = Debug|Any CPU
		Release|Any CPU = Release|Any CPU
	EndGlobalSection
	GlobalSection(ProjectConfigurationPlatforms) = postSolution
		{9331D495-ADF1-4E14-A53E-D47C03D8F824}.Debug|Any CPU.ActiveCfg = Debug|Any CPU
		{9331D495-ADF1-4E14-A53E-D47C03D8F824}.Debug|Any CPU.Build.0 = Debug|Any CPU
		{9331D495-ADF1-4E14-A53E-D47C03D8F824}.Release|Any CPU.ActiveCfg = Release|Any CPU
		{9331D495-ADF1-4E14-A53E-D47C03D8F824}.Release|Any CPU.Build.0 = Release|Any CPU
	EndGlobalSection
	GlobalSection(SolutionProperties) = preSolution
		HideSolutionNode = FALSE
	EndGlobalSection
	GlobalSection(ExtensibilityGlobals) = postSolution
		SolutionGuid = {D0B2AAD4-4AD6-4B77-B278-67E9CBCA1BD8}
	EndGlobalSection
EndGlobal
